
Microsoft Visual Studio Solution File, Format Version 12.00
# Visual Studio Version 17
VisualStudioVersion = 17.0.31903.59
MinimumVisualStudioVersion = 10.0.40219.1
Project("{FAE04EC0-301F-11D3-BF4B-00C04F79EFBC}") = "API", "API\API.csproj", "{F2AAAF5E-DC86-4949-8872-19D8274A0BD6}"
EndProject
Project("{FAE04EC0-301F-11D3-BF4B-00C04F79EFBC}") = "Core", "Core\Core.csproj", "{3D181EA6-32F1-4CBE-9A1F-84DB2693440D}"
EndProject
Project("{FAE04EC0-301F-11D3-BF4B-00C04F79EFBC}") = "Infrastructure", "Infrastructure\Infrastructure.csproj", "{FBFBDF81-DF79-48C5-A08B-12267A8B055F}"
EndProject
Global
	GlobalSection(SolutionConfigurationPlatforms) = preSolution
		Debug|Any CPU = Debug|Any CPU
		Release|Any CPU = Release|Any CPU
	EndGlobalSection
	GlobalSection(SolutionProperties) = preSolution
		HideSolutionNode = FALSE
	EndGlobalSection
	GlobalSection(ProjectConfigurationPlatforms) = postSolution
		{F2AAAF5E-DC86-4949-8872-19D8274A0BD6}.Debug|Any CPU.ActiveCfg = Debug|Any CPU
		{F2AAAF5E-DC86-4949-8872-19D8274A0BD6}.Debug|Any CPU.Build.0 = Debug|Any CPU
		{F2AAAF5E-DC86-4949-8872-19D8274A0BD6}.Release|Any CPU.ActiveCfg = Release|Any CPU
		{F2AAAF5E-DC86-4949-8872-19D8274A0BD6}.Release|Any CPU.Build.0 = Release|Any CPU
		{3D181EA6-32F1-4CBE-9A1F-84DB2693440D}.Debug|Any CPU.ActiveCfg = Debug|Any CPU
		{3D181EA6-32F1-4CBE-9A1F-84DB2693440D}.Debug|Any CPU.Build.0 = Debug|Any CPU
		{3D181EA6-32F1-4CBE-9A1F-84DB2693440D}.Release|Any CPU.ActiveCfg = Release|Any CPU
		{3D181EA6-32F1-4CBE-9A1F-84DB2693440D}.Release|Any CPU.Build.0 = Release|Any CPU
		{FBFBDF81-DF79-48C5-A08B-12267A8B055F}.Debug|Any CPU.ActiveCfg = Debug|Any CPU
		{FBFBDF81-DF79-48C5-A08B-12267A8B055F}.Debug|Any CPU.Build.0 = Debug|Any CPU
		{FBFBDF81-DF79-48C5-A08B-12267A8B055F}.Release|Any CPU.ActiveCfg = Release|Any CPU
		{FBFBDF81-DF79-48C5-A08B-12267A8B055F}.Release|Any CPU.Build.0 = Release|Any CPU
	EndGlobalSection
EndGlobal
